
Microsoft Visual Studio Solution File, Format Version 12.00
# Visual Studio 15
VisualStudioVersion = 15.0.28010.2048
MinimumVisualStudioVersion = 10.0.40219.1
Project("{FAE04EC0-301F-11D3-BF4B-00C04F79EFBC}") = "Miscelanea.Android", "Miscelanea\Miscelanea.Android\Miscelanea.Android.csproj", "{24CE3C36-16B9-426D-AA0C-5961ECF8D88C}"
EndProject
Project("{FAE04EC0-301F-11D3-BF4B-00C04F79EFBC}") = "Miscelanea.iOS", "Miscelanea\Miscelanea.iOS\Miscelanea.iOS.csproj", "{CE7DC4DD-29F5-4BC8-8C3C-D7E02EF9A640}"
EndProject
Project("{9A19103F-16F7-4668-BE54-9A1E7A4F7556}") = "Miscelanea", "Miscelanea\Miscelanea\Miscelanea.csproj", "{F6BF3892-3BD7-4A93-AE84-E1708124FC26}"
EndProject
Global
	GlobalSection(SolutionConfigurationPlatforms) = preSolution
		Debug|Any CPU = Debug|Any CPU
		Debug|ARM = Debug|ARM
		Debug|iPhone = Debug|iPhone
		Debug|iPhoneSimulator = Debug|iPhoneSimulator
		Debug|x64 = Debug|x64
		Debug|x86 = Debug|x86
		Release|Any CPU = Release|Any CPU
		Release|ARM = Release|ARM
		Release|iPhone = Release|iPhone
		Release|iPhoneSimulator = Release|iPhoneSimulator
		Release|x64 = Release|x64
		Release|x86 = Release|x86
	EndGlobalSection
	GlobalSection(ProjectConfigurationPlatforms) = postSolution
		{24CE3C36-16B9-426D-AA0C-5961ECF8D88C}.Debug|Any CPU.ActiveCfg = Debug|Any CPU
		{24CE3C36-16B9-426D-AA0C-5961ECF8D88C}.Debug|Any CPU.Build.0 = Debug|Any CPU
		{24CE3C36-16B9-426D-AA0C-5961ECF8D88C}.Debug|Any CPU.Deploy.0 = Debug|Any CPU
		{24CE3C36-16B9-426D-AA0C-5961ECF8D88C}.Debug|ARM.ActiveCfg = Debug|Any CPU
		{24CE3C36-16B9-426D-AA0C-5961ECF8D88C}.Debug|ARM.Build.0 = Debug|Any CPU
		{24CE3C36-16B9-426D-AA0C-5961ECF8D88C}.Debug|ARM.Deploy.0 = Debug|Any CPU
		{24CE3C36-16B9-426D-AA0C-5961ECF8D88C}.Debug|iPhone.ActiveCfg = Debug|Any CPU
		{24CE3C36-16B9-426D-AA0C-5961ECF8D88C}.Debug|iPhone.Build.0 = Debug|Any CPU
		{24CE3C36-16B9-426D-AA0C-5961ECF8D88C}.Debug|iPhone.Deploy.0 = Debug|Any CPU
		{24CE3C36-16B9-426D-AA0C-5961ECF8D88C}.Debug|iPhoneSimulator.ActiveCfg = Debug|Any CPU
		{24CE3C36-16B9-426D-AA0C-5961ECF8D88C}.Debug|iPhoneSimulator.Build.0 = Debug|Any CPU
		{24CE3C36-16B9-426D-AA0C-5961ECF8D88C}.Debug|iPhoneSimulator.Deploy.0 = Debug|Any CPU
		{24CE3C36-16B9-426D-AA0C-5961ECF8D88C}.Debug|x64.ActiveCfg = Debug|Any CPU
		{24CE3C36-16B9-426D-AA0C-5961ECF8D88C}.Debug|x64.Build.0 = Debug|Any CPU
		{24CE3C36-16B9-426D-AA0C-5961ECF8D88C}.Debug|x64.Deploy.0 = Debug|Any CPU
		{24CE3C36-16B9-426D-AA0C-5961ECF8D88C}.Debug|x86.ActiveCfg = Debug|Any CPU
		{24CE3C36-16B9-426D-AA0C-5961ECF8D88C}.Debug|x86.Build.0 = Debug|Any CPU
		{24CE3C36-16B9-426D-AA0C-5961ECF8D88C}.Debug|x86.Deploy.0 = Debug|Any CPU
		{24CE3C36-16B9-426D-AA0C-5961ECF8D88C}.Release|Any CPU.ActiveCfg = Release|Any CPU
		{24CE3C36-16B9-426D-AA0C-5961ECF8D88C}.Release|Any CPU.Build.0 = Release|Any CPU
		{24CE3C36-16B9-426D-AA0C-5961ECF8D88C}.Release|Any CPU.Deploy.0 = Release|Any CPU
		{24CE3C36-16B9-426D-AA0C-5961ECF8D88C}.Release|ARM.ActiveCfg = Release|Any CPU
		{24CE3C36-16B9-426D-AA0C-5961ECF8D88C}.Release|ARM.Build.0 = Release|Any CPU
		{24CE3C36-16B9-426D-AA0C-5961ECF8D88C}.Release|ARM.Deploy.0 = Release|Any CPU
		{24CE3C36-16B9-426D-AA0C-5961ECF8D88C}.Release|iPhone.ActiveCfg = Release|Any CPU
		{24CE3C36-16B9-426D-AA0C-5961ECF8D88C}.Release|iPhone.Build.0 = Release|Any CPU
		{24CE3C36-16B9-426D-AA0C-5961ECF8D88C}.Release|iPhone.Deploy.0 = Release|Any CPU
		{24CE3C36-16B9-426D-AA0C-5961ECF8D88C}.Release|iPhoneSimulator.ActiveCfg = Release|Any CPU
		{24CE3C36-16B9-426D-AA0C-5961ECF8D88C}.Release|iPhoneSimulator.Build.0 = Release|Any CPU
		{24CE3C36-16B9-426D-AA0C-5961ECF8D88C}.Release|iPhoneSimulator.Deploy.0 = Release|Any CPU
		{24CE3C36-16B9-426D-AA0C-5961ECF8D88C}.Release|x64.ActiveCfg = Release|Any CPU
		{24CE3C36-16B9-426D-AA0C-5961ECF8D88C}.Release|x64.Build.0 = Release|Any CPU
		{24CE3C36-16B9-426D-AA0C-5961ECF8D88C}.Release|x64.Deploy.0 = Release|Any CPU
		{24CE3C36-16B9-426D-AA0C-5961ECF8D88C}.Release|x86.ActiveCfg = Release|Any CPU
		{24CE3C36-16B9-426D-AA0C-5961ECF8D88C}.Release|x86.Build.0 = Release|Any CPU
		{24CE3C36-16B9-426D-AA0C-5961ECF8D88C}.Release|x86.Deploy.0 = Release|Any CPU
		{CE7DC4DD-29F5-4BC8-8C3C-D7E02EF9A640}.Debug|Any CPU.ActiveCfg = Debug|iPhoneSimulator
		{CE7DC4DD-29F5-4BC8-8C3C-D7E02EF9A640}.Debug|Any CPU.Build.0 = Debug|iPhoneSimulator
		{CE7DC4DD-29F5-4BC8-8C3C-D7E02EF9A640}.Debug|Any CPU.Deploy.0 = Debug|iPhoneSimulator
		{CE7DC4DD-29F5-4BC8-8C3C-D7E02EF9A640}.Debug|ARM.ActiveCfg = Debug|iPhone
		{CE7DC4DD-29F5-4BC8-8C3C-D7E02EF9A640}.Debug|ARM.Build.0 = Debug|iPhone
		{CE7DC4DD-29F5-4BC8-8C3C-D7E02EF9A640}.Debug|ARM.Deploy.0 = Debug|iPhone
		{CE7DC4DD-29F5-4BC8-8C3C-D7E02EF9A640}.Debug|iPhone.ActiveCfg = Debug|iPhone
		{CE7DC4DD-29F5-4BC8-8C3C-D7E02EF9A640}.Debug|iPhone.Build.0 = Debug|iPhone
		{CE7DC4DD-29F5-4BC8-8C3C-D7E02EF9A640}.Debug|iPhone.Deploy.0 = Debug|iPhone
		{CE7DC4DD-29F5-4BC8-8C3C-D7E02EF9A640}.Debug|iPhoneSimulator.ActiveCfg = Debug|iPhoneSimulator
		{CE7DC4DD-29F5-4BC8-8C3C-D7E02EF9A640}.Debug|iPhoneSimulator.Build.0 = Debug|iPhoneSimulator
		{CE7DC4DD-29F5-4BC8-8C3C-D7E02EF9A640}.Debug|iPhoneSimulator.Deploy.0 = Debug|iPhoneSimulator
		{CE7DC4DD-29F5-4BC8-8C3C-D7E02EF9A640}.Debug|x64.ActiveCfg = Debug|iPhone
		{CE7DC4DD-29F5-4BC8-8C3C-D7E02EF9A640}.Debug|x64.Build.0 = Debug|iPhone
		{CE7DC4DD-29F5-4BC8-8C3C-D7E02EF9A640}.Debug|x64.Deploy.0 = Debug|iPhone
		{CE7DC4DD-29F5-4BC8-8C3C-D7E02EF9A640}.Debug|x86.ActiveCfg = Debug|iPhone
		{CE7DC4DD-29F5-4BC8-8C3C-D7E02EF9A640}.Debug|x86.Build.0 = Debug|iPhone
		{CE7DC4DD-29F5-4BC8-8C3C-D7E02EF9A640}.Debug|x86.Deploy.0 = Debug|iPhone
		{CE7DC4DD-29F5-4BC8-8C3C-D7E02EF9A640}.Release|Any CPU.ActiveCfg = Release|iPhone
		{CE7DC4DD-29F5-4BC8-8C3C-D7E02EF9A640}.Release|Any CPU.Build.0 = Release|iPhone
		{CE7DC4DD-29F5-4BC8-8C3C-D7E02EF9A640}.Release|Any CPU.Deploy.0 = Release|iPhone
		{CE7DC4DD-29F5-4BC8-8C3C-D7E02EF9A640}.Release|ARM.ActiveCfg = Release|iPhone
		{CE7DC4DD-29F5-4BC8-8C3C-D7E02EF9A640}.Release|ARM.Build.0 = Release|iPhone
		{CE7DC4DD-29F5-4BC8-8C3C-D7E02EF9A640}.Release|ARM.Deploy.0 = Release|iPhone
		{CE7DC4DD-29F5-4BC8-8C3C-D7E02EF9A640}.Release|iPhone.ActiveCfg = Release|iPhone
		{CE7DC4DD-29F5-4BC8-8C3C-D7E02EF9A640}.Release|iPhone.Build.0 = Release|iPhone
		{CE7DC4DD-29F5-4BC8-8C3C-D7E02EF9A640}.Release|iPhone.Deploy.0 = Release|iPhone
		{CE7DC4DD-29F5-4BC8-8C3C-D7E02EF9A640}.Release|iPhoneSimulator.ActiveCfg = Release|iPhoneSimulator
		{CE7DC4DD-29F5-4BC8-8C3C-D7E02EF9A640}.Release|iPhoneSimulator.Build.0 = Release|iPhoneSimulator
		{CE7DC4DD-29F5-4BC8-8C3C-D7E02EF9A640}.Release|iPhoneSimulator.Deploy.0 = Release|iPhoneSimulator
		{CE7DC4DD-29F5-4BC8-8C3C-D7E02EF9A640}.Release|x64.ActiveCfg = Release|iPhone
		{CE7DC4DD-29F5-4BC8-8C3C-D7E02EF9A640}.Release|x64.Build.0 = Release|iPhone
		{CE7DC4DD-29F5-4BC8-8C3C-D7E02EF9A640}.Release|x64.Deploy.0 = Release|iPhone
		{CE7DC4DD-29F5-4BC8-8C3C-D7E02EF9A640}.Release|x86.ActiveCfg = Release|iPhone
		{CE7DC4DD-29F5-4BC8-8C3C-D7E02EF9A640}.Release|x86.Build.0 = Release|iPhone
		{CE7DC4DD-29F5-4BC8-8C3C-D7E02EF9A640}.Release|x86.Deploy.0 = Release|iPhone
		{F6BF3892-3BD7-4A93-AE84-E1708124FC26}.Debug|Any CPU.ActiveCfg = Debug|Any CPU
		{F6BF3892-3BD7-4A93-AE84-E1708124FC26}.Debug|Any CPU.Build.0 = Debug|Any CPU
		{F6BF3892-3BD7-4A93-AE84-E1708124FC26}.Debug|Any CPU.Deploy.0 = Debug|Any CPU
		{F6BF3892-3BD7-4A93-AE84-E1708124FC26}.Debug|ARM.ActiveCfg = Debug|Any CPU
		{F6BF3892-3BD7-4A93-AE84-E1708124FC26}.Debug|ARM.Build.0 = Debug|Any CPU
		{F6BF3892-3BD7-4A93-AE84-E1708124FC26}.Debug|ARM.Deploy.0 = Debug|Any CPU
		{F6BF3892-3BD7-4A93-AE84-E1708124FC26}.Debug|iPhone.ActiveCfg = Debug|Any CPU
		{F6BF3892-3BD7-4A93-AE84-E1708124FC26}.Debug|iPhone.Build.0 = Debug|Any CPU
		{F6BF3892-3BD7-4A93-AE84-E1708124FC26}.Debug|iPhone.Deploy.0 = Debug|Any CPU
		{F6BF3892-3BD7-4A93-AE84-E1708124FC26}.Debug|iPhoneSimulator.ActiveCfg = Debug|Any CPU
		{F6BF3892-3BD7-4A93-AE84-E1708124FC26}.Debug|iPhoneSimulator.Build.0 = Debug|Any CPU
		{F6BF3892-3BD7-4A93-AE84-E1708124FC26}.Debug|iPhoneSimulator.Deploy.0 = Debug|Any CPU
		{F6BF3892-3BD7-4A93-AE84-E1708124FC26}.Debug|x64.ActiveCfg = Debug|Any CPU
		{F6BF3892-3BD7-4A93-AE84-E1708124FC26}.Debug|x64.Build.0 = Debug|Any CPU
		{F6BF3892-3BD7-4A93-AE84-E1708124FC26}.Debug|x64.Deploy.0 = Debug|Any CPU
		{F6BF3892-3BD7-4A93-AE84-E1708124FC26}.Debug|x86.ActiveCfg = Debug|Any CPU
		{F6BF3892-3BD7-4A93-AE84-E1708124FC26}.Debug|x86.Build.0 = Debug|Any CPU
		{F6BF3892-3BD7-4A93-AE84-E1708124FC26}.Debug|x86.Deploy.0 = Debug|Any CPU
		{F6BF3892-3BD7-4A93-AE84-E1708124FC26}.Release|Any CPU.ActiveCfg = Release|Any CPU
		{F6BF3892-3BD7-4A93-AE84-E1708124FC26}.Release|Any CPU.Build.0 = Release|Any CPU
		{F6BF3892-3BD7-4A93-AE84-E1708124FC26}.Release|Any CPU.Deploy.0 = Release|Any CPU
		{F6BF3892-3BD7-4A93-AE84-E1708124FC26}.Release|ARM.ActiveCfg = Release|Any CPU
		{F6BF3892-3BD7-4A93-AE84-E1708124FC26}.Release|ARM.Build.0 = Release|Any CPU
		{F6BF3892-3BD7-4A93-AE84-E1708124FC26}.Release|ARM.Deploy.0 = Release|Any CPU
		{F6BF3892-3BD7-4A93-AE84-E1708124FC26}.Release|iPhone.ActiveCfg = Release|Any CPU
		{F6BF3892-3BD7-4A93-AE84-E1708124FC26}.Release|iPhone.Build.0 = Release|Any CPU
		{F6BF3892-3BD7-4A93-AE84-E1708124FC26}.Release|iPhone.Deploy.0 = Release|Any CPU
		{F6BF3892-3BD7-4A93-AE84-E1708124FC26}.Release|iPhoneSimulator.ActiveCfg = Release|Any CPU
		{F6BF3892-3BD7-4A93-AE84-E1708124FC26}.Release|iPhoneSimulator.Build.0 = Release|Any CPU
		{F6BF3892-3BD7-4A93-AE84-E1708124FC26}.Release|iPhoneSimulator.Deploy.0 = Release|Any CPU
		{F6BF3892-3BD7-4A93-AE84-E1708124FC26}.Release|x64.ActiveCfg = Release|Any CPU
		{F6BF3892-3BD7-4A93-AE84-E1708124FC26}.Release|x64.Build.0 = Release|Any CPU
		{F6BF3892-3BD7-4A93-AE84-E1708124FC26}.Release|x64.Deploy.0 = Release|Any CPU
		{F6BF3892-3BD7-4A93-AE84-E1708124FC26}.Release|x86.ActiveCfg = Release|Any CPU
		{F6BF3892-3BD7-4A93-AE84-E1708124FC26}.Release|x86.Build.0 = Release|Any CPU
		{F6BF3892-3BD7-4A93-AE84-E1708124FC26}.Release|x86.Deploy.0 = Release|Any CPU
	EndGlobalSection
	GlobalSection(SolutionProperties) = preSolution
		HideSolutionNode = FALSE
	EndGlobalSection
	GlobalSection(ExtensibilityGlobals) = postSolution
		SolutionGuid = {FDC37422-9D99-4333-BFC1-ED120D9B9C03}
	EndGlobalSection
EndGlobal
